
Microsoft Visual Studio Solution File, Format Version 12.00
# Visual Studio 15
VisualStudioVersion = 15.0.28010.2026
MinimumVisualStudioVersion = 10.0.40219.1
Project("{888888A0-9F3D-457C-B088-3A5042F75D52}") = "12", "12\12.pyproj", "{E189C65F-9874-4C8D-B143-FA870DCA7FA1}"
EndProject
Global
	GlobalSection(SolutionConfigurationPlatforms) = preSolution
		Debug|Any CPU = Debug|Any CPU
		Release|Any CPU = Release|Any CPU
	EndGlobalSection
	GlobalSection(ProjectConfigurationPlatforms) = postSolution
		{E189C65F-9874-4C8D-B143-FA870DCA7FA1}.Debug|Any CPU.ActiveCfg = Debug|Any CPU
		{E189C65F-9874-4C8D-B143-FA870DCA7FA1}.Release|Any CPU.ActiveCfg = Release|Any CPU
	EndGlobalSection
	GlobalSection(SolutionProperties) = preSolution
		HideSolutionNode = FALSE
	EndGlobalSection
	GlobalSection(ExtensibilityGlobals) = postSolution
		SolutionGuid = {A3EC01C9-4A42-4B31-835E-FB2E45A10B46}
	EndGlobalSection
EndGlobal
