
Microsoft Visual Studio Solution File, Format Version 12.00
# Visual Studio 15
VisualStudioVersion = 15.0.28307.421
MinimumVisualStudioVersion = 10.0.40219.1
Project("{FAE04EC0-301F-11D3-BF4B-00C04F79EFBC}") = "Project", "Project\Project.csproj", "{ED48FD93-5F7F-4FCA-8C0C-36404751154D}"
EndProject
Global
	GlobalSection(SolutionConfigurationPlatforms) = preSolution
		Debug|Any CPU = Debug|Any CPU
		Release|Any CPU = Release|Any CPU
	EndGlobalSection
	GlobalSection(ProjectConfigurationPlatforms) = postSolution
		{ED48FD93-5F7F-4FCA-8C0C-36404751154D}.Debug|Any CPU.ActiveCfg = Debug|Any CPU
		{ED48FD93-5F7F-4FCA-8C0C-36404751154D}.Debug|Any CPU.Build.0 = Debug|Any CPU
		{ED48FD93-5F7F-4FCA-8C0C-36404751154D}.Release|Any CPU.ActiveCfg = Release|Any CPU
		{ED48FD93-5F7F-4FCA-8C0C-36404751154D}.Release|Any CPU.Build.0 = Release|Any CPU
	EndGlobalSection
	GlobalSection(SolutionProperties) = preSolution
		HideSolutionNode = FALSE
	EndGlobalSection
	GlobalSection(ExtensibilityGlobals) = postSolution
		SolutionGuid = {405F20E9-4B7E-42AA-8DB8-8E732F1DD859}
	EndGlobalSection
EndGlobal
